// !$*UTF8*$!
{
	archiveVersion = 1;
	classes = {
	};
	objectVersion = 46;
	objects = {

/* Begin PBXBuildFile section */
		60ED075C1E6AB9E200687F40 /* AppDelegate.swift in Sources */ = {isa = PBXBuildFile; fileRef = 60ED075B1E6AB9E200687F40 /* AppDelegate.swift */; };
		60ED075E1E6AB9E200687F40 /* ViewController.swift in Sources */ = {isa = PBXBuildFile; fileRef = 60ED075D1E6AB9E200687F40 /* ViewController.swift */; };
		60ED07611E6AB9E200687F40 /* Main.storyboard in Resources */ = {isa = PBXBuildFile; fileRef = 60ED075F1E6AB9E200687F40 /* Main.storyboard */; };
		60ED07631E6AB9E200687F40 /* Assets.xcassets in Resources */ = {isa = PBXBuildFile; fileRef = 60ED07621E6AB9E200687F40 /* Assets.xcassets */; };
		60ED07661E6AB9E200687F40 /* LaunchScreen.storyboard in Resources */ = {isa = PBXBuildFile; fileRef = 60ED07641E6AB9E200687F40 /* LaunchScreen.storyboard */; };
/* End PBXBuildFile section */

/* Begin PBXFileReference section */
		60ED07581E6AB9E200687F40 /* hack2.app */ = {isa = PBXFileReference; explicitFileType = wrapper.application; includeInIndex = 0; path = hack2.app; sourceTree = BUILT_PRODUCTS_DIR; };
		60ED075B1E6AB9E200687F40 /* AppDelegate.swift */ = {isa = PBXFileReference; lastKnownFileType = sourcecode.swift; path = AppDelegate.swift; sourceTree = "<group>"; };
		60ED075D1E6AB9E200687F40 /* ViewController.swift */ = {isa = PBXFileReference; lastKnownFileType = sourcecode.swift; path = ViewController.swift; sourceTree = "<group>"; };
		60ED07601E6AB9E200687F40 /* Base */ = {isa = PBXFileReference; lastKnownFileType = file.storyboard; name = Base; path = Base.lproj/Main.storyboard; sourceTree = "<group>"; };
		60ED07621E6AB9E200687F40 /* Assets.xcassets */ = {isa = PBXFileReference; lastKnownFileType = folder.assetcatalog; path = Assets.xcassets; sourceTree = "<group>"; };
		60ED07651E6AB9E200687F40 /* Base */ = {isa = PBXFileReference; lastKnownFileType = file.storyboard; name = Base; path = Base.lproj/LaunchScreen.storyboard; sourceTree = "<group>"; };
		60ED07671E6AB9E200687F40 /* Info.plist */ = {isa = PBXFileReference; lastKnownFileType = text.plist.xml; path = Info.plist; sourceTree = "<group>"; };
/* End PBXFileReference section */

/* Begin PBXFrameworksBuildPhase section */
		60ED07551E6AB9E200687F40 /* Frameworks */ = {
			isa = PBXFrameworksBuildPhase;
			buildActionMask = 2147483647;
			files = (
			);
			runOnlyForDeploymentPostprocessing = 0;
		};
/* End PBXFrameworksBuildPhase section */

/* Begin PBXGroup section */
		60ED074F1E6AB9E200687F40 = {
			isa = PBXGroup;
			children = (
				60ED075A1E6AB9E200687F40 /* hack2 */,
				60ED07591E6AB9E200687F40 /* Products */,
			);
			sourceTree = "<group>";
		};
		60ED07591E6AB9E200687F40 /* Products */ = {
			isa = PBXGroup;
			children = (
				60ED07581E6AB9E200687F40 /* hack2.app */,
			);
			name = Products;
			sourceTree = "<group>";
		};
		60ED075A1E6AB9E200687F40 /* hack2 */ = {
			isa = PBXGroup;
			children = (
				60ED075B1E6AB9E200687F40 /* AppDelegate.swift */,
				60ED075D1E6AB9E200687F40 /* ViewController.swift */,
				60ED075F1E6AB9E200687F40 /* Main.storyboard */,
				60ED07621E6AB9E200687F40 /* Assets.xcassets */,
				60ED07641E6AB9E200687F40 /* LaunchScreen.storyboard */,
				60ED07671E6AB9E200687F40 /* Info.plist */,
			);
			path = hack2;
			sourceTree = "<group>";
		};
/* End PBXGroup section */

/* Begin PBXNativeTarget section */
		60ED07571E6AB9E200687F40 /* hack2 */ = {
			isa = PBXNativeTarget;
			buildConfigurationList = 60ED076A1E6AB9E200687F40 /* Build configuration list for PBXNativeTarget "hack2" */;
			buildPhases = (
				60ED07541E6AB9E200687F40 /* Sources */,
				60ED07551E6AB9E200687F40 /* Frameworks */,
				60ED07561E6AB9E200687F40 /* Resources */,
			);
			buildRules = (
			);
			dependencies = (
			);
			name = hack2;
			productName = hack2;
			productReference = 60ED07581E6AB9E200687F40 /* hack2.app */;
			productType = "com.apple.product-type.application";
		};
/* End PBXNativeTarget section */

/* Begin PBXProject section */
		60ED07501E6AB9E200687F40 /* Project object */ = {
			isa = PBXProject;
			attributes = {
				LastSwiftUpdateCheck = 0820;
				LastUpgradeCheck = 0820;
				ORGANIZATIONNAME = MashUp;
				TargetAttributes = {
					60ED07571E6AB9E200687F40 = {
						CreatedOnToolsVersion = 8.2.1;
						DevelopmentTeam = 9787PY98YF;
						ProvisioningStyle = Automatic;
					};
				};
			};
			buildConfigurationList = 60ED07531E6AB9E200687F40 /* Build configuration list for PBXProject "hack2" */;
			compatibilityVersion = "Xcode 3.2";
			developmentRegion = English;
			hasScannedForEncodings = 0;
			knownRegions = (
				en,
				Base,
			);
			mainGroup = 60ED074F1E6AB9E200687F40;
			productRefGroup = 60ED07591E6AB9E200687F40 /* Products */;
			projectDirPath = "";
			projectRoot = "";
			targets = (
				60ED07571E6AB9E200687F40 /* hack2 */,
			);
		};
/* End PBXProject section */

/* Begin PBXResourcesBuildPhase section */
		60ED07561E6AB9E200687F40 /* Resources */ = {
			isa = PBXResourcesBuildPhase;
			buildActionMask = 2147483647;
			files = (
				60ED07661E6AB9E200687F40 /* LaunchScreen.storyboard in Resources */,
				60ED07631E6AB9E200687F40 /* Assets.xcassets in Resources */,
				60ED07611E6AB9E200687F40 /* Main.storyboard in Resources */,
			);
			runOnlyForDeploymentPostprocessing = 0;
		};
/* End PBXResourcesBuildPhase section */

/* Begin PBXSourcesBuildPhase section */
		60ED07541E6AB9E200687F40 /* Sources */ = {
			isa = PBXSourcesBuildPhase;
			buildActionMask = 2147483647;
			files = (
				60ED075E1E6AB9E200687F40 /* ViewController.swift in Sources */,
				60ED075C1E6AB9E200687F40 /* AppDelegate.swift in Sources */,
			);
			runOnlyForDeploymentPostprocessing = 0;
		};
/* End PBXSourcesBuildPhase section */

/* Begin PBXVariantGroup section */
		60ED075F1E6AB9E200687F40 /* Main.storyboard */ = {
			isa = PBXVariantGroup;
			children = (
				60ED07601E6AB9E200687F40 /* Base */,
			);
			name = Main.storyboard;
			sourceTree = "<group>";
		};
		60ED07641E6AB9E200687F40 /* LaunchScreen.storyboard */ = {
			isa = PBXVariantGroup;
			children = (
				60ED07651E6AB9E200687F40 /* Base */,
			);
			name = LaunchScreen.storyboard;
			sourceTree = "<group>";
		};
/* End PBXVariantGroup section */

/* Begin XCBuildConfiguration section */
		60ED07681E6AB9E200687F40 /* Debug */ = {
			isa = XCBuildConfiguration;
			buildSettings = {
				ALWAYS_SEARCH_USER_PATHS = NO;
				CLANG_ANALYZER_NONNULL = YES;
				CLANG_CXX_LANGUAGE_STANDARD = "gnu++0x";
				CLANG_CXX_LIBRARY = "libc++";
				CLANG_ENABLE_MODULES = YES;
				CLANG_ENABLE_OBJC_ARC = YES;
				CLANG_WARN_BOOL_CONVERSION = YES;
				CLANG_WARN_CONSTANT_CONVERSION = YES;
				CLANG_WARN_DIRECT_OBJC_ISA_USAGE = YES_ERROR;
				CLANG_WARN_DOCUMENTATION_COMMENTS = YES;
				CLANG_WARN_EMPTY_BODY = YES;
				CLANG_WARN_ENUM_CONVERSION = YES;
				CLANG_WARN_INFINITE_RECURSION = YES;
				CLANG_WARN_INT_CONVERSION = YES;
				CLANG_WARN_OBJC_ROOT_CLASS = YES_ERROR;
				CLANG_WARN_SUSPICIOUS_MOVE = YES;
				CLANG_WARN_UNREACHABLE_CODE = YES;
				CLANG_WARN__DUPLICATE_METHOD_MATCH = YES;
				"CODE_SIGN_IDENTITY[sdk=iphoneos*]" = "iPhone Developer";
				COPY_PHASE_STRIP = NO;
				DEBUG_INFORMATION_FORMAT = dwarf;
				ENABLE_STRICT_OBJC_MSGSEND = YES;
				ENABLE_TESTABILITY = YES;
				GCC_C_LANGUAGE_STANDARD = gnu99;
				GCC_DYNAMIC_NO_PIC = NO;
				GCC_NO_COMMON_BLOCKS = YES;
				GCC_OPTIMIZATION_LEVEL = 0;
				GCC_PREPROCESSOR_DEFINITIONS = (
					"DEBUG=1",
					"$(inherited)",
				);
				GCC_WARN_64_TO_32_BIT_CONVERSION = YES;
				GCC_WARN_ABOUT_RETURN_TYPE = YES_ERROR;
				GCC_WARN_UNDECLARED_SELECTOR = YES;
				GCC_WARN_UNINITIALIZED_AUTOS = YES_AGGRESSIVE;
				GCC_WARN_UNUSED_FUNCTION = YES;
				GCC_WARN_UNUSED_VARIABLE = YES;
				IPHONEOS_DEPLOYMENT_TARGET = 10.2;
				MTL_ENABLE_DEBUG_INFO = YES;
				ONLY_ACTIVE_ARCH = YES;
				SDKROOT = iphoneos;
				SWIFT_ACTIVE_COMPILATION_CONDITIONS = DEBUG;
				SWIFT_OPTIMIZATION_LEVEL = "-Onone";
			};
			name = Debug;
		};
		60ED07691E6AB9E200687F40 /* Release */ = {
			isa = XCBuildConfiguration;
			buildSettings = {
				ALWAYS_SEARCH_USER_PATHS = NO;
				CLANG_ANALYZER_NONNULL = YES;
				CLANG_CXX_LANGUAGE_STANDARD = "gnu++0x";
				CLANG_CXX_LIBRARY = "libc++";
				CLANG_ENABLE_MODULES = YES;
				CLANG_ENABLE_OBJC_ARC = YES;
				CLANG_WARN_BOOL_CONVERSION = YES;
				CLANG_WARN_CONSTANT_CONVERSION = YES;
				CLANG_WARN_DIRECT_OBJC_ISA_USAGE = YES_ERROR;
				CLANG_WARN_DOCUMENTATION_COMMENTS = YES;
				CLANG_WARN_EMPTY_BODY = YES;
				CLANG_WARN_ENUM_CONVERSION = YES;
				CLANG_WARN_INFINITE_RECURSION = YES;
				CLANG_WARN_INT_CONVERSION = YES;
				CLANG_WARN_OBJC_ROOT_CLASS = YES_ERROR;
				CLANG_WARN_SUSPICIOUS_MOVE = YES;
				CLANG_WARN_UNREACHABLE_CODE = YES;
				CLANG_WARN__DUPLICATE_METHOD_MATCH = YES;
				"CODE_SIGN_IDENTITY[sdk=iphoneos*]" = "iPhone Developer";
				COPY_PHASE_STRIP = NO;
				DEBUG_INFORMATION_FORMAT = "dwarf-with-dsym";
				ENABLE_NS_ASSERTIONS = NO;
				ENABLE_STRICT_OBJC_MSGSEND = YES;
				GCC_C_LANGUAGE_STANDARD = gnu99;
				GCC_NO_COMMON_BLOCKS = YES;
				GCC_WARN_64_TO_32_BIT_CONVERSION = YES;
				GCC_WARN_ABOUT_RETURN_TYPE = YES_ERROR;
				GCC_WARN_UNDECLARED_SELECTOR = YES;
				GCC_WARN_UNINITIALIZED_AUTOS = YES_AGGRESSIVE;
				GCC_WARN_UNUSED_FUNCTION = YES;
				GCC_WARN_UNUSED_VARIABLE = YES;
				IPHONEOS_DEPLOYMENT_TARGET = 10.2;
				MTL_ENABLE_DEBUG_INFO = NO;
				SDKROOT = iphoneos;
				SWIFT_OPTIMIZATION_LEVEL = "-Owholemodule";
				VALIDATE_PRODUCT = YES;
			};
			name = Release;
		};
		60ED076B1E6AB9E200687F40 /* Debug */ = {
			isa = XCBuildConfiguration;
			buildSettings = {
				ASSETCATALOG_COMPILER_APPICON_NAME = AppIcon;
				DEVELOPMENT_TEAM = 9787PY98YF;
				INFOPLIST_FILE = hack2/Info.plist;
				LD_RUNPATH_SEARCH_PATHS = "$(inherited) @executable_path/Frameworks";
				PRODUCT_BUNDLE_IDENTIFIER = MashUp.hack2;
				PRODUCT_NAME = "$(TARGET_NAME)";
				SWIFT_VERSION = 3.0;
			};
			name = Debug;
		};
		60ED076C1E6AB9E200687F40 /* Release */ = {
			isa = XCBuildConfiguration;
			buildSettings = {
				ASSETCATALOG_COMPILER_APPICON_NAME = AppIcon;
				DEVELOPMENT_TEAM = 9787PY98YF;
				INFOPLIST_FILE = hack2/Info.plist;
				LD_RUNPATH_SEARCH_PATHS = "$(inherited) @executable_path/Frameworks";
				PRODUCT_BUNDLE_IDENTIFIER = MashUp.hack2;
				PRODUCT_NAME = "$(TARGET_NAME)";
				SWIFT_VERSION = 3.0;
			};
			name = Release;
		};
/* End XCBuildConfiguration section */

/* Begin XCConfigurationList section */
		60ED07531E6AB9E200687F40 /* Build configuration list for PBXProject "hack2" */ = {
			isa = XCConfigurationList;
			buildConfigurations = (
				60ED07681E6AB9E200687F40 /* Debug */,
				60ED07691E6AB9E200687F40 /* Release */,
			);
			defaultConfigurationIsVisible = 0;
			defaultConfigurationName = Release;
		};
		60ED076A1E6AB9E200687F40 /* Build configuration list for PBXNativeTarget "hack2" */ = {
			isa = XCConfigurationList;
			buildConfigurations = (
				60ED076B1E6AB9E200687F40 /* Debug */,
				60ED076C1E6AB9E200687F40 /* Release */,
			);
			defaultConfigurationIsVisible = 0;
		};
/* End XCConfigurationList section */
	};
	rootObject = 60ED07501E6AB9E200687F40 /* Project object */;
}
